
Microsoft Visual Studio Solution File, Format Version 12.00
# Visual Studio Version 17
VisualStudioVersion = 17.13.35931.197 d17.13
MinimumVisualStudioVersion = 10.0.40219.1
Project("{FAE04EC0-301F-11D3-BF4B-00C04F79EFBC}") = "FT Academy", "FT Academy\FT Academy.csproj", "{31C7EC48-F2FF-43B5-B17C-01C18839DB40}"
EndProject
Global
	GlobalSection(SolutionConfigurationPlatforms) = preSolution
		Debug|Any CPU = Debug|Any CPU
		Release|Any CPU = Release|Any CPU
	EndGlobalSection
	GlobalSection(ProjectConfigurationPlatforms) = postSolution
		{31C7EC48-F2FF-43B5-B17C-01C18839DB40}.Debug|Any CPU.ActiveCfg = Debug|Any CPU
		{31C7EC48-F2FF-43B5-B17C-01C18839DB40}.Debug|Any CPU.Build.0 = Debug|Any CPU
		{31C7EC48-F2FF-43B5-B17C-01C18839DB40}.Release|Any CPU.ActiveCfg = Release|Any CPU
		{31C7EC48-F2FF-43B5-B17C-01C18839DB40}.Release|Any CPU.Build.0 = Release|Any CPU
	EndGlobalSection
	GlobalSection(SolutionProperties) = preSolution
		HideSolutionNode = FALSE
	EndGlobalSection
	GlobalSection(ExtensibilityGlobals) = postSolution
		SolutionGuid = {E49808A4-37DF-411D-AE37-ED84E052F9A1}
	EndGlobalSection
EndGlobal
